[[package]]
category = "main"
description = "Abseil Python Common Libraries, see https://github.com/abseil/abseil-py."
name = "absl-py"
optional = true
python-versions = "*"
version = "0.8.1"

[package.dependencies]
six = "*"

[[package]]
category = "main"
description = "Read/rewrite/write Python ASTs"
name = "astor"
optional = true
python-versions = ">=2.7, !=3.0.*, !=3.1.*, !=3.2.*, !=3.3.*"
version = "0.8.0"

[[package]]
category = "dev"
description = "Composable style cycles"
name = "cycler"
optional = false
python-versions = "*"
version = "0.10.0"

[package.dependencies]
six = "*"

[[package]]
category = "main"
description = "The Cython compiler for writing C extensions for the Python language."
name = "cython"
optional = true
python-versions = ">=2.6, !=3.0.*, !=3.1.*, !=3.2.*"
version = "0.29.13"

[[package]]
category = "main"
description = ""
name = "fastfm"
optional = true
python-versions = "*"
version = "0.2.11"

[package.dependencies]
cython = "*"
numpy = "*"
scikit-learn = "*"
scipy = "*"

[[package]]
category = "main"
description = "Backport of the functools module from Python 3.2.3 for use on 2.7 and PyPy."
name = "functools32"
optional = true
python-versions = "*"
version = "3.2.3-2"

[[package]]
category = "main"
description = "Python AST that abstracts the underlying Python version"
name = "gast"
optional = true
python-versions = ">=2.7, !=3.0.*, !=3.1.*, !=3.2.*, !=3.3.*"
version = "0.2.2"

[[package]]
category = "main"
description = "pasta is an AST-based Python refactoring library"
name = "google-pasta"
optional = true
python-versions = "*"
version = "0.1.7"

[[package]]
category = "main"
description = "HTTP/2-based RPC framework"
name = "grpcio"
optional = true
python-versions = "*"
version = "1.24.1"

[package.dependencies]
six = ">=1.5.2"

[[package]]
category = "main"
description = "Read and write HDF5 files from Python"
name = "h5py"
optional = true
python-versions = "*"
version = "2.10.0"

[package.dependencies]
numpy = ">=1.7"
six = "*"

[[package]]
category = "main"
description = "Lightweight pipelining: using Python functions as pipeline jobs."
name = "joblib"
optional = true
python-versions = "*"
version = "0.14.0"

[[package]]
category = "main"
description = "Reference implementations of popular deep learning models"
name = "keras-applications"
optional = true
python-versions = "*"
version = "1.0.8"

[package.dependencies]
h5py = "*"
numpy = ">=1.9.1"

[[package]]
category = "main"
description = "Easy data preprocessing and data augmentation for deep learning models"
name = "keras-preprocessing"
optional = true
python-versions = "*"
version = "1.1.0"

[package.dependencies]
numpy = ">=1.9.1"
six = ">=1.9.0"

[[package]]
category = "dev"
description = "A fast implementation of the Cassowary constraint solver"
name = "kiwisolver"
optional = false
python-versions = ">=2.7, !=3.0.*, !=3.1.*, !=3.2.*, !=3.3.*"
version = "1.1.0"

[package.dependencies]
setuptools = "*"

[[package]]
category = "main"
description = "Python implementation of Markdown."
name = "markdown"
optional = true
python-versions = ">=2.7,!=3.0.*,!=3.1.*,!=3.2.*,!=3.3.*,!=3.4.*"
version = "3.1.1"

[package.dependencies]
setuptools = ">=36"

[[package]]
category = "dev"
description = "Python plotting package"
name = "matplotlib"
optional = false
python-versions = ">=3.6"
version = "3.1.1"

[package.dependencies]
cycler = ">=0.10"
kiwisolver = ">=1.0.1"
numpy = ">=1.11"
pyparsing = ">=2.0.1,<2.0.4 || >2.0.4,<2.1.2 || >2.1.2,<2.1.6 || >2.1.6"
python-dateutil = ">=2.1"

[[package]]
category = "main"
description = "Rolling backport of unittest.mock for all Pythons"
name = "mock"
optional = true
python-versions = ">=2.7, !=3.0.*, !=3.1.*, !=3.2.*, !=3.3.*"
version = "3.0.5"

[package.dependencies]
six = "*"

[[package]]
category = "main"
description = "NumPy is the fundamental package for array computing with Python."
name = "numpy"
optional = false
python-versions = ">=3.5"
version = "1.17.3"

[[package]]
category = "main"
description = "Optimizing numpys einsum function"
name = "opt-einsum"
optional = true
python-versions = ">=3.5"
version = "3.1.0"

[package.dependencies]
numpy = ">=1.7"

[[package]]
category = "main"
description = "Powerful data structures for data analysis, time series, and statistics"
name = "pandas"
optional = false
python-versions = ">=3.5.3"
version = "0.25.2"

[package.dependencies]
numpy = ">=1.13.3"
python-dateutil = ">=2.6.1"
pytz = ">=2017.2"

[[package]]
category = "main"
description = "Protocol Buffers"
name = "protobuf"
optional = true
python-versions = "*"
version = "3.10.0"

[package.dependencies]
setuptools = "*"
six = ">=1.9"

[[package]]
category = "dev"
description = "Python parsing module"
name = "pyparsing"
optional = false
python-versions = ">=2.6, !=3.0.*, !=3.1.*, !=3.2.*"
version = "2.4.2"

[[package]]
category = "main"
description = "Extensions to the standard Python datetime module"
name = "python-dateutil"
optional = false
python-versions = ">=2.7, !=3.0.*, !=3.1.*, !=3.2.*"
version = "2.8.0"

[package.dependencies]
six = ">=1.5"

[[package]]
category = "main"
description = "World timezone definitions, modern and historical"
name = "pytz"
optional = false
python-versions = "*"
version = "2019.3"

[[package]]
category = "main"
description = "Python wrapper for libFM"
name = "pywfm"
optional = true
python-versions = "*"
version = "0.12.3"

[package.dependencies]
numpy = "*"
pandas = "*"
scikit-learn = "*"
scipy = "*"

[[package]]
category = "main"
description = "A set of python modules for machine learning and data mining"
name = "scikit-learn"
optional = true
python-versions = ">=3.5"
version = "0.21.3"

[package.dependencies]
joblib = ">=0.11"
numpy = ">=1.11.0"
scipy = ">=0.17.0"

[[package]]
category = "main"
description = "An easy-to-use library for recommender systems."
name = "scikit-surprise"
optional = true
python-versions = "*"
version = "1.1.0"

[package.dependencies]
joblib = ">=0.11"
numpy = ">=1.11.2"
scipy = ">=1.0.0"
six = ">=1.10.0"

[[package]]
category = "main"
description = "SciPy: Scientific Library for Python"
name = "scipy"
optional = false
python-versions = ">=3.5"
version = "1.3.1"

[package.dependencies]
numpy = ">=1.13.3"

[[package]]
category = "main"
description = "Python 2 and 3 compatibility utilities"
name = "six"
optional = false
python-versions = ">=2.6, !=3.0.*, !=3.1.*"
version = "1.12.0"

[[package]]
category = "main"
description = "An easy-to-use library for recommender systems."
name = "surprise"
optional = true
python-versions = "*"
version = "0.1"

[package.dependencies]
scikit-surprise = "*"

[[package]]
category = "main"
description = "TensorBoard lets you watch Tensors Flow"
name = "tensorboard"
optional = true
python-versions = ">= 2.7, != 3.0.*, != 3.1.*"
version = "2.0.0"

[package.dependencies]
absl-py = ">=0.4"
grpcio = ">=1.6.3"
markdown = ">=2.6.8"
numpy = ">=1.12.0"
protobuf = ">=3.6.0"
setuptools = ">=41.0.0"
six = ">=1.10.0"
werkzeug = ">=0.11.15"

[package.dependencies.wheel]
python = ">=3"
version = ">=0.26"

[[package]]
category = "main"
description = "TensorFlow is an open source machine learning framework for everyone."
name = "tensorflow"
optional = true
python-versions = "*"
version = "2.0.0"

[package.dependencies]
absl-py = ">=0.7.0"
astor = ">=0.6.0"
functools32 = ">=3.2.3"
gast = "0.2.2"
google-pasta = ">=0.1.6"
grpcio = ">=1.8.6"
keras-applications = ">=1.0.8"
keras-preprocessing = ">=1.0.5"
mock = ">=2.0.0"
numpy = ">=1.16.0,<2.0"
opt-einsum = ">=2.3.2"
protobuf = ">=3.6.1"
six = ">=1.10.0"
tensorboard = ">=2.0.0,<2.1.0"
tensorflow-estimator = ">=2.0.0,<2.1.0"
termcolor = ">=1.1.0"
wheel = "*"
wrapt = ">=1.11.1"

[[package]]
category = "main"
description = "TensorFlow Estimator."
name = "tensorflow-estimator"
optional = true
python-versions = "*"
version = "2.0.1"

[[package]]
category = "main"
description = "ANSII Color formatting for output in terminal."
name = "termcolor"
optional = true
python-versions = "*"
version = "1.1.0"

[[package]]
category = "main"
description = "The comprehensive WSGI web application library."
name = "werkzeug"
optional = true
python-versions = ">=2.7, !=3.0.*, !=3.1.*, !=3.2.*, !=3.3.*"
version = "0.16.0"

[[package]]
category = "main"
description = "A built-package format for Python."
name = "wheel"
optional = true
python-versions = ">=2.7, !=3.0.*, !=3.1.*, !=3.2.*, !=3.3.*"
version = "0.33.6"

[[package]]
category = "main"
description = "Module for decorators, wrappers and monkey patching."
name = "wrapt"
optional = true
python-versions = "*"
version = "1.11.2"

[extras]
deep = ["tensorflow"]
external = ["scikit-learn", "surprise"]
fm = ["fastFM", "pywFM"]

[metadata]
content-hash = "d750d42ada8b92de31788c4df706ae99e7b06e7587d1e4d3d9f1f31b2a0b73f0"
python-versions = "^3.6"

[metadata.hashes]
absl-py = ["d9129186431e150d7fe455f1cb1ecbb92bb5dba9da9bc3ef7b012d98c4db2526"]
astor = ["0e41295809baf43ae8303350e031aff81ae52189b6f881f36d623fa8b2f1960e", "37a6eed8b371f1228db08234ed7f6cfdc7817a3ed3824797e20cbb11dc2a7862"]
cycler = ["1d8a5ae1ff6c5cf9b93e8811e581232ad8920aeec647c37316ceac982b08cb2d", "cd7b2d1018258d7247a71425e9f26463dfb444d411c39569972f4ce586b0c9d8"]
cython = ["07efba7b32c082c519b75e3b03821c2f32848e2b3e9986c784bbd8ffaf0666d7", "08db41daf18fabf7b7a85e39aa26954f6246994540043194af026c0df65a4942", "19bbe3caf885a1d2e2c30eacc10d1e45dbbefb156493fe1d5d1adc1668cc1269", "1c574f2f2ba760b82b2bcf6262e77e75589247dc5ef796a3ff1b2213e50ee452", "1dfe672c686e34598bdbaa93c3b30acb3720ae9258232a4f68ba04ee9969063d", "283faea84e6c4e54c3f5c8ff89aa2b6c1c3a813aad4f6d48ed3b9cc9043ef9f9", "2a145888d0942e7c36e86a7b7c7e2923cb9f7055805a3b72dcb137e3efdb0979", "3f75065936e16569d6e13dfd76de988f5eabeae460aa54770c9b961ab6f747fc", "4d78124f5f281f1d5d5b7919cbbc65a7073ff93562def81ee78a8307e6e72494", "5ba4d088b8e5d59b8a5911ca9c72952acf3c83296b57daf75af92fb2af1e8423", "6b19daeda1d5d1dfc973b291246f6a63a663b20c33980724d6d073c562719536", "790c7dc80fd1c3e38acefe06027e2f5a8466c128c7e47c6e140fd5316132574d", "7f8c4e648881454ba3ba0bcf3b21a9e1878a67d20ea2b8d9ec1c4c628592ab6b", "8bcd3f597290f9902548d6355898d7e376e7f3762f89db9cd50b2b58429df9e8", "8ffb18f71972a5c718a8600d9f52e3507f0d6fb72a978e03270d34a7035c98fb", "92f025df1cb391e09f65775598c7dfb7efad72d74713775db54e267f62ca94a1", "93cf1c72472a2fd0ef4c52f6074dab08fc28d475b9c824ba73a52701f7a48ae1", "9a7fa692cdc967fdbf6a053c1975137d01f6935dede2ef222c71840b290caf79", "a68eb0c1375f2401de881692b30370a51e550052b8e346b2f71bbdbdc74a214f", "ac3b7a12ddd52ea910ee3a041e6bc65df7a52f0ba7bd10fb7123502af482c152", "b402b700edaf571a0bae18ec35d5b71c266873a6616412b672435c10b6d8f041", "c29d069a4a30f472482343c866f7486731ad638ef9af92bfe5fca9c7323d638e", "d822311498f185db449b687336b4e5db7638c8d8b03bdf10ae91d74e23c7cc0c", "dccc8df9e1ac158b06777bbaaeb4516f245f9b147701ae25e6023960e4a0c2a3", "e31f4b946c2765b2f35440fdb4b00c496dfc5babc53c7ae61966b41171d1d59f", "eb43f9e582cc221ee2832e25ea6fe5c06f2acc9da6353c562e922f107db12af8", "f07822248110fd6213db8bc2745fdbbccef6f2b3d18ac91a7fba29c6bc575da5", "ff69854f123b959d4ae14bd5330714bb9ee4360052992dc0fbd0a3dee4261f95"]
fastfm = ["0dde3cbaf5e6539617221b6de1584396795c43d33ec59e213e368ebe57c5b676", "3fa1aeb322b677cf035befa4e56fc7eef7905efefe88cd8d84f3b8585ef80a6d", "524850243fd14c3ba75041dfae9467e6cf9660744f57c660d54c96ab4bdb3165", "5d74a12a7dea0fa56d27de2c886de8ab212200479d2f20b97ddf82ff8fb9e0ec", "66ae8d1d1c9a7662575a9acc237ebd28da9c62c50e8a087e8a663e8cdf32b760", "af49b799d42338ae4304b1908929fe4d740d8b158f6cb4066573db7d1508b47e", "b09357fbea8085cd93019939313c8d4c99d4580637e953299f19d1e597a99498", "ecf87867f3115b570bc63c7ad3f32e62e3bdc78318b2f41614c6708fe4864fdc"]
functools32 = ["89d824aa6c358c421a234d7f9ee0bd75933a67c29588ce50aaa3acdf4d403fa0", "f6253dfbe0538ad2e387bd8fdfd9293c925d63553f5813c4e587745416501e6d"]
gast = ["fe939df4583692f0512161ec1c880e0a10e71e6a232da045ab8edd3756fbadf0"]
google-pasta = ["40b4f55ba7b44823eac96d055000572c84ce48cacb3e91c100869844064b2d07", "79d1ce28b381d68e98ef7707d19909adb58912f8dae8734402454424fc76b8fe", "7ca8afc4cfeebf4a079cdf586333d5447cecd19a997475136138fc83c3351bc4"]
grpcio = ["0302331e014fc4bac028b6ad480b33f7abfe20b9bdcca7be417124dda8f22115", "0aa0cce9c5eb1261b32173a20ed42b51308d55ce28ecc2021e868b3cb90d9503", "0c83947575300499adbc308e986d754e7f629be0bdd9bea1ffdd5cf76e1f1eff", "0ca26ff968d45efd4ef73447c4d4b34322ea8c7d06fbb6907ce9e5db78f1bbcb", "0cf80a7955760c2498f8821880242bb657d70998065ff0d2a082de5ffce230a7", "0d40706e57d9833fe0e023a08b468f33940e8909affa12547874216d36bba208", "11872069156de34c6f3f9a1deb46cc88bc35dfde88262c4c73eb22b39b16fc55", "16065227faae0ab0abf1789bfb92a2cd2ab5da87630663f93f8178026da40e0d", "1e33778277685f6fabb22539136269c87c029e39b6321ef1a639b756a1c0a408", "2b16be15b1ae656bc7a36642b8c7045be2dde2048bb4b67478003e9d9db8022a", "3701dfca3ada27ceef0d17f728ce9dfef155ed20c57979c2b05083082258c6c1", "41912ecaf482abf2de74c69f509878f99223f5dd6b2de1a09c955afd4de3cf9b", "4332cbd20544fe7406910137590f38b5b3a1f6170258e038652cf478c639430f", "44068ecbdc6467c2bff4d8198816c8a2701b6dd1ec16078fceb6adc7c1f577d6", "53115960e37059420e2d16a4b04b00dd2ab3b6c3c67babd01ffbfdcd7881a69b", "6e7027bcd4070414751e2a5e60706facb98a1fc636497c9bac5442fe37b8ae6b", "6ff57fb2f07b7226b5bec89e8e921ea9bd220f35f11e094f2ba38f09eecd49c6", "73240e244d7644654bbda1f309f4911748b6a1804b7a8897ddbe8a04c90f7407", "785234bbc469bc75e26c868789a2080ffb30bd6e93930167797729889ad06b0b", "82f9d3c7f91d2d1885631335c003c5d45ae1cd69cc0bc4893f21fef50b8151bc", "86bdc2a965510658407a1372eb61f0c92f763fdfb2795e4d038944da4320c950", "95e925b56676a55e6282b3de80a1cbad5774072159779c61eac02791dface049", "96673bb4f14bd3263613526d1e7e33fdb38a9130e3ce87bf52314965706e1900", "970014205e76920484679035b6fb4b16e02fc977e5aac4d22025da849c79dab9", "ace5e8bf11a1571f855f5dab38a9bd34109b6c9bc2864abf24a597598c7e3695", "ad375f03eb3b9cb75a24d91eab8609e134d34605f199efc41e20dd642bdac855", "b819c4c7dcf0de76788ce5f95daad6d4e753d6da2b6a5f84e5bb5b5ce95fddc4", "c17943fd340cbd906db49f3f03c7545e5a66b617e8348b2c7a0d2c759d216af1", "d21247150dea86dabd3b628d8bc4b563036db3d332b3f4db3c5b1b0b122cb4f6", "d4d500a7221116de9767229ff5dd10db91f789448d85befb0adf5a37b0cd83b5", "e2a942a3cfccbbca21a90c144867112698ef36486345c285da9e98c466f22b22", "e983273dca91cb8a5043bc88322eb48e2b8d4e4998ff441a1ee79ced89db3909"]
h5py = ["063947eaed5f271679ed4ffa36bb96f57bc14f44dd4336a827d9a02702e6ce6b", "13c87efa24768a5e24e360a40e0bc4c49bcb7ce1bb13a3a7f9902cec302ccd36", "16ead3c57141101e3296ebeed79c9c143c32bdd0e82a61a2fc67e8e6d493e9d1", "3dad1730b6470fad853ef56d755d06bb916ee68a3d8272b3bab0c1ddf83bb99e", "51ae56894c6c93159086ffa2c94b5b3388c0400548ab26555c143e7cfa05b8e5", "54817b696e87eb9e403e42643305f142cd8b940fe9b3b490bbf98c3b8a894cf4", "549ad124df27c056b2e255ea1c44d30fb7a17d17676d03096ad5cd85edb32dc1", "6998be619c695910cb0effe5eb15d3a511d3d1a5d217d4bd0bebad1151ec2262", "6ef7ab1089e3ef53ca099038f3c0a94d03e3560e6aff0e9d6c64c55fb13fc681", "769e141512b54dee14ec76ed354fcacfc7d97fea5a7646b709f7400cf1838630", "79b23f47c6524d61f899254f5cd5e486e19868f1823298bc0c29d345c2447172", "7be5754a159236e95bd196419485343e2b5875e806fe68919e087b6351f40a70", "84412798925dc870ffd7107f045d7659e60f5d46d1c70c700375248bf6bf512d", "86868dc07b9cc8cb7627372a2e6636cdc7a53b7e2854ad020c9e9d8a4d3fd0f5", "8bb1d2de101f39743f91512a9750fb6c351c032e5cd3204b4487383e34da7f75", "a5f82cd4938ff8761d9760af3274acf55afc3c91c649c50ab18fcff5510a14a5", "aac4b57097ac29089f179bbc2a6e14102dd210618e94d77ee4831c65f82f17c0", "bffbc48331b4a801d2f4b7dac8a72609f0b10e6e516e5c480a3e3241e091c878", "c0d4b04bbf96c47b6d360cd06939e72def512b20a18a8547fa4af810258355d5", "c54a2c0dd4957776ace7f95879d81582298c5daf89e77fb8bee7378f132951de", "cbf28ae4b5af0f05aa6e7551cee304f1d317dbed1eb7ac1d827cee2f1ef97a99", "d3c59549f90a891691991c17f8e58c8544060fdf3ccdea267100fa5f561ff62f", "d7ae7a0576b06cb8e8a1c265a8bc4b73d05fdee6429bffc9a26a6eb531e79d72", "ecf4d0b56ee394a0984de15bceeb97cbe1fe485f1ac205121293fc44dcf3f31f", "f0e25bb91e7a02efccb50aba6591d3fe2c725479e34769802fcdd4076abfa917", "f23951a53d18398ef1344c186fb04b26163ca6ce449ebd23404b153fd111ded9", "ff7d241f866b718e4584fa95f520cb19405220c501bd3a53ee11871ba5166ea2"]
joblib = ["006108c7576b3eb6c5b27761ddbf188eb6e6347696325ab2027ea1ee9a4b922d", "6fcc57aacb4e89451fd449e9412687c51817c3f48662c3d8f38ba3f8a0a193ff"]
keras-applications = ["5579f9a12bcde9748f4a12233925a59b93b73ae6947409ff34aa2ba258189fe5", "df4323692b8c1174af821bf906f1e442e63fa7589bf0f1230a0b6bdc5a810c95"]
keras-preprocessing = ["44aee5f2c4d80c3b29f208359fcb336df80f293a0bb6b1c738da43ca206656fb", "5a8debe01d840de93d49e05ccf1c9b81ae30e210d34dacbcc47aeb3049b528e5"]
kiwisolver = ["05b5b061e09f60f56244adc885c4a7867da25ca387376b02c1efc29cc16bcd0f", "26f4fbd6f5e1dabff70a9ba0d2c4bd30761086454aa30dddc5b52764ee4852b7", "3b2378ad387f49cbb328205bda569b9f87288d6bc1bf4cd683c34523a2341efe", "400599c0fe58d21522cae0e8b22318e09d9729451b17ee61ba8e1e7c0346565c", "47b8cb81a7d18dbaf4fed6a61c3cecdb5adec7b4ac292bddb0d016d57e8507d5", "53eaed412477c836e1b9522c19858a8557d6e595077830146182225613b11a75", "58e626e1f7dfbb620d08d457325a4cdac65d1809680009f46bf41eaf74ad0187", "5a52e1b006bfa5be04fe4debbcdd2688432a9af4b207a3f429c74ad625022641", "5c7ca4e449ac9f99b3b9d4693debb1d6d237d1542dd6a56b3305fe8a9620f883", "682e54f0ce8f45981878756d7203fd01e188cc6c8b2c5e2cf03675390b4534d5", "79bfb2f0bd7cbf9ea256612c9523367e5ec51d7cd616ae20ca2c90f575d839a2", "7f4dd50874177d2bb060d74769210f3bce1af87a8c7cf5b37d032ebf94f0aca3", "8944a16020c07b682df861207b7e0efcd2f46c7488619cb55f65882279119389", "8aa7009437640beb2768bfd06da049bad0df85f47ff18426261acecd1cf00897", "939f36f21a8c571686eb491acfffa9c7f1ac345087281b412d63ea39ca14ec4a", "9733b7f64bd9f807832d673355f79703f81f0b3e52bfce420fc00d8cb28c6a6c", "a02f6c3e229d0b7220bd74600e9351e18bc0c361b05f29adae0d10599ae0e326", "a0c0a9f06872330d0dd31b45607197caab3c22777600e88031bfe66799e70bb0", "acc4df99308111585121db217681f1ce0eecb48d3a828a2f9bbf9773f4937e9e", "b64916959e4ae0ac78af7c3e8cef4becee0c0e9694ad477b4c6b3a536de6a544", "d3fcf0819dc3fea58be1fd1ca390851bdb719a549850e708ed858503ff25d995", "d52e3b1868a4e8fd18b5cb15055c76820df514e26aa84cc02f593d99fef6707f", "db1a5d3cc4ae943d674718d6c47d2d82488ddd94b93b9e12d24aabdbfe48caee", "e3a21a720791712ed721c7b95d433e036134de6f18c77dbe96119eaf7aa08004", "e8bf074363ce2babeb4764d94f8e65efd22e6a7c74860a4f05a6947afc020ff2", "f16814a4a96dc04bf1da7d53ee8d5b1d6decfc1a92a63349bb15d37b6a263dd9", "f2b22153870ca5cf2ab9c940d7bc38e8e9089fa0f7e5856ea195e1cf4ff43d5a", "f790f8b3dff3d53453de6a7b7ddd173d2e020fb160baff578d578065b108a05f"]
markdown = ["2e50876bcdd74517e7b71f3e7a76102050edec255b3983403f1a63e7c8a41e7a", "56a46ac655704b91e5b7e6326ce43d5ef72411376588afa1dd90e881b83c7e8c"]
matplotlib = ["1febd22afe1489b13c6749ea059d392c03261b2950d1d45c17e3aed812080c93", "31a30d03f39528c79f3a592857be62a08595dec4ac034978ecd0f814fa0eec2d", "4442ce720907f67a79d45de9ada47be81ce17e6c2f448b3c64765af93f6829c9", "796edbd1182cbffa7e1e7a97f1e141f875a8501ba8dd834269ae3cd45a8c976f", "934e6243df7165aad097572abf5b6003c77c9b6c480c3c4de6f2ef1b5fdd4ec0", "bab9d848dbf1517bc58d1f486772e99919b19efef5dd8596d4b26f9f5ee08b6b", "c1fe1e6cdaa53f11f088b7470c2056c0df7d80ee4858dadf6cbe433fcba4323b", "e5b8aeca9276a3a988caebe9f08366ed519fff98f77c6df5b64d7603d0e42e36", "ec6bd0a6a58df3628ff269978f4a4b924a0d371ad8ce1f8e2b635b99e482877a"]
mock = ["83657d894c90d5681d62155c82bda9c1187827525880eda8ff5df4ec813437c3", "d157e52d4e5b938c550f39eb2fd15610db062441a9c2747d3dbfa9298211d0f8"]
numpy = ["0b0dd8f47fb177d00fa6ef2d58783c4f41ad3126b139c91dd2f7c4b3fdf5e9a5", "25ffe71f96878e1da7e014467e19e7db90ae7d4e12affbc73101bcf61785214e", "26efd7f7d755e6ca966a5c0ac5a930a87dbbaab1c51716ac26a38f42ecc9bc4b", "28b1180c758abf34a5c3fea76fcee66a87def1656724c42bb14a6f9717a5bdf7", "2e418f0a59473dac424f888dd57e85f77502a593b207809211c76e5396ae4f5c", "30c84e3a62cfcb9e3066f25226e131451312a044f1fe2040e69ce792cb7de418", "4650d94bb9c947151737ee022b934b7d9a845a7c76e476f3e460f09a0c8c6f39", "4dd830a11e8724c9c9379feed1d1be43113f8bcce55f47ea7186d3946769ce26", "4f2a2b279efde194877aff1f76cf61c68e840db242a5c7169f1ff0fd59a2b1e2", "62d22566b3e3428dfc9ec972014c38ed9a4db4f8969c78f5414012ccd80a149e", "669795516d62f38845c7033679c648903200980d68935baaa17ac5c7ae03ae0c", "75fcd60d682db3e1f8fbe2b8b0c6761937ad56d01c1dc73edf4ef2748d5b6bc4", "9395b0a41e8b7e9a284e3be7060db9d14ad80273841c952c83a5afc241d2bd98", "9e37c35fc4e9410093b04a77d11a34c64bf658565e30df7cbe882056088a91c1", "a0678793096205a4d784bd99f32803ba8100f639cf3b932dc63b21621390ea7e", "b46554ad4dafb2927f88de5a1d207398c5385edbb5c84d30b3ef187c4a3894d8", "c867eeccd934920a800f65c6068acdd6b87e80d45cd8c8beefff783b23cdc462", "dd0667f5be56fb1b570154c2c0516a528e02d50da121bbbb2cbb0b6f87f59bc2", "de2b1c20494bdf47f0160bd88ed05f5e48ae5dc336b8de7cfade71abcc95c0b9", "f1df7b2b7740dd777571c732f98adb5aad5450aee32772f1b39249c8a50386f6", "ffca69e29079f7880c5392bf675eb8b4146479d976ae1924d01cd92b04cccbcc"]
opt-einsum = ["edfada4b1d0b3b782ace8bc14e80618ff629abf53143e1e6bbf9bd00b11ece77"]
pandas = ["0f484f43658a72e7d586a74978259657839b5bd31b903e963bb1b1491ab51775", "0ffc6f9e20e77f3a7dc8baaad9c7fd25b858b084d3a2d8ce877bc3ea804e0636", "23e0eac646419c3057f15eb96ab821964848607bf1d4ea5a82f26565986ec5e9", "27c0603b15b5c6fa24885253bbe49a0c289381e7759385c59308ba4f0b166cf1", "397fe360643fffc5b26b41efdf608647e3334a618d185a07976cd2dc51c90bce", "3dbb3aa41c01504255bff2bd56944bdb915f6c9ce4bac7e2868efbace0b2a639", "4e07c63247c59d61c6ebdbbb50196143cec6c5044403510c4e1a9d31854a83d6", "4fa6d9235c6d2fecbeca82c3d326abd255866cafbfd37f66a0e826544e619760", "56cb88b3876363d410a9d7724f43641ff164e2c9902d3266a648213e2efd5e6d", "7ce1be1614455f83710b9a5dc1fc602a755bdddbe4dda1d41515062923a37bbf", "ae1c96ffdeec376895e533107e0b0f9da16225a2184fbb24a5abc866769db75e", "b6f27c9231be8a23de846f2302373991467dd8e397a4804d2614e8c5aa8d5a90", "c6056067f894f9355bedcd168dd740aa849908d41c0a74756f6e38f203e941b3", "ca91a19d1f0a280874a24dca44aadce42da7f3a7edb7e9ab7c7baad8febee2be", "cbe4985f5c82a173f8cff6b7fe92d551addf99fb4ea9ff4eb4b1fe606bb098ec", "e3e9893bfe80a8b8e6d56d36ebb7afe1df77db7b4068a6e2ef3636a91f6f1caa", "e7b218e8711910dac3fed0d19376cd1ef0e386be5175965d332fd0c65d02a43b", "ec48d18b8b63a5dbb838e8ea7892ee1034299e03f852bd9b6dffe870310414dd", "f4ab6280277e3208a59bfa9f2e51240304d09e69ffb65abfb4a21d678b495f74"]
protobuf = ["125713564d8cfed7610e52444c9769b8dcb0b55e25cc7841f2290ee7bc86636f", "1accdb7a47e51503be64d9a57543964ba674edac103215576399d2d0e34eac77", "27003d12d4f68e3cbea9eb67427cab3bfddd47ff90670cb367fcd7a3a89b9657", "3264f3c431a631b0b31e9db2ae8c927b79fc1a7b1b06b31e8e5bcf2af91fe896", "3c5ab0f5c71ca5af27143e60613729e3488bb45f6d3f143dc918a20af8bab0bf", "45dcf8758873e3f69feab075e5f3177270739f146255225474ee0b90429adef6", "56a77d61a91186cc5676d8e11b36a5feb513873e4ae88d2ee5cf530d52bbcd3b", "5984e4947bbcef5bd849d6244aec507d31786f2dd3344139adc1489fb403b300", "6b0441da73796dd00821763bb4119674eaf252776beb50ae3883bed179a60b2a", "6f6677c5ade94d4fe75a912926d6796d5c71a2a90c2aeefe0d6f211d75c74789", "84a825a9418d7196e2acc48f8746cf1ee75877ed2f30433ab92a133f3eaf8fbe", "b842c34fe043ccf78b4a6cf1019d7b80113707d68c88842d061fa2b8fb6ddedc", "ca33d2f09dae149a1dcf942d2d825ebb06343b77b437198c9e2ef115cf5d5bc1", "cc9af00df3fc9302f537a8335668c20be27916b2277e9a5eaed510266e2bb33b", "db83b5c12c0cd30150bb568e6feb2435c49ce4e68fe2d7b903113f0e221e58fe", "f50f3b1c5c1c1334ca7ce9cad5992f098f460ffd6388a3cabad10b66c2006b09", "f99f127909731cafb841c52f9216e447d3e4afb99b17bebfad327a75aee206de"]
pyparsing = ["6f98a7b9397e206d78cc01df10131398f1c8b8510a2f4d97d9abd82e1aacdd80", "d9338df12903bbf5d65a0e4e87c2161968b10d2e489652bb47001d82a9b028b4"]
python-dateutil = ["7e6584c74aeed623791615e26efd690f29817a27c73085b78e4bad02493df2fb", "c89805f6f4d64db21ed966fda138f8a5ed7a4fdbc1a8ee329ce1b74e3c74da9e"]
pytz = ["1c557d7d0e871de1f5ccd5833f60fb2550652da6be2693c1e02300743d21500d", "b02c06db6cf09c12dd25137e563b31700d3b80fcc4ad23abb7a315f2789819be"]
pywfm = ["d174e9bbadac39bf412ecfc9abae02f81e2dd9f30a3eba251662ed6ea4af578d"]
scikit-learn = ["1ac81293d261747c25ea5a0ee8cd2bb1f3b5ba9ec05421a7f9f0feb4eb7c4116", "289361cf003d90b007f5066b27fcddc2d71324c82f1c88e316fedacb0dfdd516", "3a14d0abd4281fc3fd2149c486c3ec7cedad848b8d5f7b6f61522029d65a29f8", "5083a5e50d9d54548e4ada829598ae63a05651dd2bb319f821ffd9e8388384a6", "777cdd5c077b7ca9cb381396c81990cf41d2fa8350760d3cad3b4c460a7db644", "8bf2ff63da820d09b96b18e88f9625228457bff8df4618f6b087e12442ef9e15", "8d319b71c449627d178f21c57614e21747e54bb3fc9602b6f42906c3931aa320", "928050b65781fea9542dfe9bfe02d8c4f5530baa8472ec60782ea77347d2c836", "92c903613ff50e22aa95d589f9fff5deb6f34e79f7f21f609680087f137bb524", "ae322235def5ce8fae645b439e332e6f25d34bb90d6a6c8e261f17eb476457b7", "c1cd6b29eb1fd1cc672ac5e4a8be5f6ea936d094a3dc659ada0746d6fac750b1", "c41a6e2685d06bcdb0d26533af2540f54884d40db7e48baed6a5bcbf1a7cc642", "d07fcb0c0acbc043faa0e7cf4d2037f71193de3fb04fb8ed5c259b089af1cf5c", "d146d5443cda0a41f74276e42faf8c7f283fef49e8a853b832885239ef544e05", "eb2b7bed0a26ba5ce3700e15938b28a4f4513578d3e54a2156c29df19ac5fd01", "eb9b8ebf59eddd8b96366428238ab27d05a19e89c5516ce294abc35cea75d003"]
scikit-surprise = ["7a01a271814ffbe2ace95ab22376bd78ea8d229d9159c6415ddfbed4a4e5259d"]
scipy = ["0baa64bf42592032f6f6445a07144e355ca876b177f47ad8d0612901c9375bef", "243b04730d7223d2b844bda9500310eecc9eda0cba9ceaf0cde1839f8287dfa8", "2643cfb46d97b7797d1dbdb6f3c23fe3402904e3c90e6facfe6a9b98d808c1b5", "396eb4cdad421f846a1498299474f0a3752921229388f91f60dc3eda55a00488", "3ae3692616975d3c10aca6d574d6b4ff95568768d4525f76222fb60f142075b9", "435d19f80b4dcf67dc090cc04fde2c5c8a70b3372e64f6a9c58c5b806abfa5a8", "46a5e55850cfe02332998b3aef481d33f1efee1960fe6cfee0202c7dd6fc21ab", "75b513c462e58eeca82b22fc00f0d1875a37b12913eee9d979233349fce5c8b2", "7ccfa44a08226825126c4ef0027aa46a38c928a10f0a8a8483c80dd9f9a0ad44", "89dd6a6d329e3f693d1204d5562dd63af0fd7a17854ced17f9cbc37d5b853c8d", "a81da2fe32f4eab8b60d56ad43e44d93d392da228a77e229e59b51508a00299c", "a9d606d11eb2eec7ef893eb825017fbb6eef1e1d0b98a5b7fc11446ebeb2b9b1", "ac37eb652248e2d7cbbfd89619dce5ecfd27d657e714ed049d82f19b162e8d45", "cbc0611699e420774e945f6a4e2830f7ca2b3ee3483fca1aa659100049487dd5", "d02d813ec9958ed63b390ded463163685af6025cb2e9a226ec2c477df90c6957", "dd3b52e00f93fd1c86f2d78243dfb0d02743c94dd1d34ffea10055438e63b99d"]
six = ["3350809f0555b11f552448330d0b52d5f24c91a322ea4a15ef22629740f3761c", "d16a0141ec1a18405cd4ce8b4613101da75da0e9a7aec5bdd4fa804d0e0eba73"]
surprise = ["0b5ad9b2e1c07ad74b93ece2e74beca83a05e32c7bd2ff2dcff7261e4cad0305"]
tensorboard = ["143e8c8226e812bed1ad26e9139e7aeda70ea4984aab40ade52a02454bec84e4", "d3559616ccad8d72e7a259bff51be61a9bf1e66e2cebdc782c33e4b588b5e943"]
tensorflow = ["1351cc812880b083acf243602d05036bb27711ca66ee08c99a2d16da70371906", "1d94692b1c2b71a9a3e5f2fbc5aba4a5126661ad4ba192d849b9626cc32648cf", "32556d286068a6ec7ab65295be8b482cd22cccbf276af49837aed1d59c06995e", "73e9bf5a3f850fd8f630ca17c13b79dfbe1283a08b6f15b9c956697e98fb53f3", "8a4b09e67ae2fbd92802a4df9a7d24685950ff33b57b88439b9f1f027a54a513", "c5f85f9270d4cdaea7c0dea0b3e6187f6844455bb03a51032145a2cde35fcabb", "d2f99b19e161f7044929c004e98a72789267c7971ca667da6a31afc81a887932", "e7f1c217852facad332e59025d4f872df0ba8fef0322249af4db98ffe09e9f41", "f132935755472b77c1bf6d638f32c3101e5d6c04c5d6725dff8b6e27c5f9e15a", "f31357637ae6dcdf135b4fd108f325bd6399d250cc2eefefd65140d5313fdd3a", "fca6a935bb96f947c28a4bebba7ca1d8b9686fb4c02a06d24b11a2f66ca20b81"]
tensorflow-estimator = ["aa8deab25d09a9730dfbae8ec58f4eb00ec2a90b5ca3dcbd8fa0717103d3bbb3"]
termcolor = ["1d6d69ce66211143803fbc56652b41d73b4a400a2891d7bf7a1cdf4c02de613b"]
werkzeug = ["7280924747b5733b246fe23972186c6b348f9ae29724135a6dfc1e53cea433e7", "e5f4a1f98b52b18a93da705a7458e55afb26f32bff83ff5d19189f92462d65c4"]
wheel = ["10c9da68765315ed98850f8e048347c3eb06dd81822dc2ab1d4fde9dc9702646", "f4da1763d3becf2e2cd92a14a7c920f0f00eca30fdde9ea992c836685b9faf28"]
wrapt = ["565a021fd19419476b9362b05eeaa094178de64f8361e44468f9e9d7843901e1"]
